Microsoft Visual Studio Solution File, Format Version 12.00
# Visual Studio Version 16
VisualStudioVersion = 16.0.28803.156
MinimumVisualStudioVersion = 10.0.40219.1
Project("{9A19103F-16F7-4668-BE54-9A1E7A4F7556}") = "Nozomi", "Nozomi\Nozomi.csproj", "{962E65BA-05A4-4250-9AE1-AB0578D2886C}"
EndProject
Project("{9A19103F-16F7-4668-BE54-9A1E7A4F7556}") = "Nozomi.ManagedClient", "Nozomi.ManagedClient\Nozomi.ManagedClient.csproj", "{3851B38F-BF37-4778-89EB-491297408E33}"
EndProject
Project("{9A19103F-16F7-4668-BE54-9A1E7A4F7556}") = "NozomiAPITest", "NozomiAPITest\NozomiAPITest.csproj", "{501A6C8D-8C32-4A3F-9979-A63413CB76FA}"
EndProject
Global
	GlobalSection(SolutionConfigurationPlatforms) = preSolution
		Debug|Any CPU = Debug|Any CPU
		Release|Any CPU = Release|Any CPU
	EndGlobalSection
	GlobalSection(ProjectConfigurationPlatforms) = postSolution
		{962E65BA-05A4-4250-9AE1-AB0578D2886C}.Debug|Any CPU.ActiveCfg = Debug|Any CPU
		{962E65BA-05A4-4250-9AE1-AB0578D2886C}.Debug|Any CPU.Build.0 = Debug|Any CPU
		{962E65BA-05A4-4250-9AE1-AB0578D2886C}.Release|Any CPU.ActiveCfg = Release|Any CPU
		{962E65BA-05A4-4250-9AE1-AB0578D2886C}.Release|Any CPU.Build.0 = Release|Any CPU
		{3851B38F-BF37-4778-89EB-491297408E33}.Debug|Any CPU.ActiveCfg = Debug|Any CPU
		{3851B38F-BF37-4778-89EB-491297408E33}.Debug|Any CPU.Build.0 = Debug|Any CPU
		{3851B38F-BF37-4778-89EB-491297408E33}.Release|Any CPU.ActiveCfg = Release|Any CPU
		{3851B38F-BF37-4778-89EB-491297408E33}.Release|Any CPU.Build.0 = Release|Any CPU
		{501A6C8D-8C32-4A3F-9979-A63413CB76FA}.Debug|Any CPU.ActiveCfg = Debug|Any CPU
		{501A6C8D-8C32-4A3F-9979-A63413CB76FA}.Debug|Any CPU.Build.0 = Debug|Any CPU
		{501A6C8D-8C32-4A3F-9979-A63413CB76FA}.Release|Any CPU.ActiveCfg = Release|Any CPU
		{501A6C8D-8C32-4A3F-9979-A63413CB76FA}.Release|Any CPU.Build.0 = Release|Any CPU
	EndGlobalSection
	GlobalSection(SolutionProperties) = preSolution
		HideSolutionNode = FALSE
	EndGlobalSection
	GlobalSection(ExtensibilityGlobals) = postSolution
		SolutionGuid = {684004AC-31CF-4510-99CB-673383CEEBD9}
	EndGlobalSection
EndGlobal
